{
  "name": "testing-clouflarepages",
  "version": "1.0.0",
  "lockfileVersion": 3,
  "requires": true,
  "packages": {
    "": {
      "name": "testing-clouflarepages",
      "version": "1.0.0",
      "license": "ISC",
      "dependencies": {
        "@flaregun-net/proxyflare-for-pages": "^0.1.0"
      },
      "devDependencies": {
        "@cloudflare/workers-types": "^4.20231016.0"
      }
    },
    "node_modules/@cloudflare/workers-types": {
      "version": "4.20231016.0",
      "resolved": "https://registry.npmjs.org/@cloudflare/workers-types/-/workers-types-4.20231016.0.tgz",
      "integrity": "sha512-eGB0cRVyoJpeyGJx2re5sbd9R316a61sY73xwnqm4cwGpb+OxCK2gc651RxGiN7H4w6LY1RpysUgeGLmj5B3+g=="
    },
    "node_modules/@flaregun-net/proxyflare-for-pages": {
      "version": "0.1.0",
      "resolved": "https://registry.npmjs.org/@flaregun-net/proxyflare-for-pages/-/proxyflare-for-pages-0.1.0.tgz",
      "integrity": "sha512-uVZ4s1GxpYJ+InnXLTczHqjrIUSWqxiHV2I6NQj4AVyV5ZozbMhuFXETpnk0IT5a4aRXew7rGMuYr4hzsu0T+g==",
      "peerDependencies": {
        "@cloudflare/workers-types": "3.14.0"
      }
    }
  }
}
